
Microsoft Visual Studio Solution File, Format Version 12.00
# Visual Studio Version 16
VisualStudioVersion = 16.0.31105.61
MinimumVisualStudioVersion = 10.0.40219.1
Project("{FAE04EC0-301F-11D3-BF4B-00C04F79EFBC}") = "TPEntityFramework.UI", "TPEntityFramework.UI\TPEntityFramework.UI.csproj", "{F2D25967-D779-4190-BF8A-E2D75DAE5A17}"
EndProject
Project("{FAE04EC0-301F-11D3-BF4B-00C04F79EFBC}") = "TPEntityFramework.Data", "TPEntityFramework.Data\TPEntityFramework.Data.csproj", "{05BBB64F-63D5-448B-87FD-015C8C7EEEE0}"
EndProject
Project("{FAE04EC0-301F-11D3-BF4B-00C04F79EFBC}") = "TPEntityFramework.Logic", "TPEntityFramework.Logic\TPEntityFramework.Logic.csproj", "{4543D1B0-2175-43E4-9CAA-E9247EC8AE1C}"
EndProject
Project("{FAE04EC0-301F-11D3-BF4B-00C04F79EFBC}") = "TPEntityFramework.Entities", "TPEntityFramework.Entities\TPEntityFramework.Entities.csproj", "{8B0DF618-E7DD-4EEA-BF7F-C8C5AA800373}"
EndProject
Global
	GlobalSection(SolutionConfigurationPlatforms) = preSolution
		Debug|Any CPU = Debug|Any CPU
		Release|Any CPU = Release|Any CPU
	EndGlobalSection
	GlobalSection(ProjectConfigurationPlatforms) = postSolution
		{F2D25967-D779-4190-BF8A-E2D75DAE5A17}.Debug|Any CPU.ActiveCfg = Debug|Any CPU
		{F2D25967-D779-4190-BF8A-E2D75DAE5A17}.Debug|Any CPU.Build.0 = Debug|Any CPU
		{F2D25967-D779-4190-BF8A-E2D75DAE5A17}.Release|Any CPU.ActiveCfg = Release|Any CPU
		{F2D25967-D779-4190-BF8A-E2D75DAE5A17}.Release|Any CPU.Build.0 = Release|Any CPU
		{05BBB64F-63D5-448B-87FD-015C8C7EEEE0}.Debug|Any CPU.ActiveCfg = Debug|Any CPU
		{05BBB64F-63D5-448B-87FD-015C8C7EEEE0}.Debug|Any CPU.Build.0 = Debug|Any CPU
		{05BBB64F-63D5-448B-87FD-015C8C7EEEE0}.Release|Any CPU.ActiveCfg = Release|Any CPU
		{05BBB64F-63D5-448B-87FD-015C8C7EEEE0}.Release|Any CPU.Build.0 = Release|Any CPU
		{4543D1B0-2175-43E4-9CAA-E9247EC8AE1C}.Debug|Any CPU.ActiveCfg = Debug|Any CPU
		{4543D1B0-2175-43E4-9CAA-E9247EC8AE1C}.Debug|Any CPU.Build.0 = Debug|Any CPU
		{4543D1B0-2175-43E4-9CAA-E9247EC8AE1C}.Release|Any CPU.ActiveCfg = Release|Any CPU
		{4543D1B0-2175-43E4-9CAA-E9247EC8AE1C}.Release|Any CPU.Build.0 = Release|Any CPU
		{8B0DF618-E7DD-4EEA-BF7F-C8C5AA800373}.Debug|Any CPU.ActiveCfg = Debug|Any CPU
		{8B0DF618-E7DD-4EEA-BF7F-C8C5AA800373}.Debug|Any CPU.Build.0 = Debug|Any CPU
		{8B0DF618-E7DD-4EEA-BF7F-C8C5AA800373}.Release|Any CPU.ActiveCfg = Release|Any CPU
		{8B0DF618-E7DD-4EEA-BF7F-C8C5AA800373}.Release|Any CPU.Build.0 = Release|Any CPU
	EndGlobalSection
	GlobalSection(SolutionProperties) = preSolution
		HideSolutionNode = FALSE
	EndGlobalSection
	GlobalSection(ExtensibilityGlobals) = postSolution
		SolutionGuid = {F13E9E2F-6651-4DEA-8BE8-0893BDA8DE25}
	EndGlobalSection
EndGlobal
