
Microsoft Visual Studio Solution File, Format Version 12.00
# Visual Studio Version 16
VisualStudioVersion = 16.0.31105.61
MinimumVisualStudioVersion = 10.0.40219.1
Project("{FAE04EC0-301F-11D3-BF4B-00C04F79EFBC}") = "TPEntityFramework.UI", "TPEntityFramework.UI\TPEntityFramework.UI.csproj", "{F2D25967-D779-4190-BF8A-E2D75DAE5A17}"
EndProject
Project("{FAE04EC0-301F-11D3-BF4B-00C04F79EFBC}") = "TPEntityFramework.Data", "TPEntityFramework.Data\TPEntityFramework.Data.csproj", "{05BBB64F-63D5-448B-87FD-015C8C7EEEE0}"
EndProject
Project("{FAE04EC0-301F-11D3-BF4B-00C04F79EFBC}") = "TPEntityFramework.Logic", "TPEntityFramework.Logic\TPEntityFramework.Logic.csproj", "{4543D1B0-2175-43E4-9CAA-E9247EC8AE1C}"
EndProject
Project("{FAE04EC0-301F-11D3-BF4B-00C04F79EFBC}") = "TPEntityFramework.Entities", "TPEntityFramework.Entities\TPEntityFramework.Entities.csproj", "{8B0DF618-E7DD-4EEA-BF7F-C8C5AA800373}"
EndProject
Project("{FAE04EC0-301F-11D3-BF4B-00C04F79EFBC}") = "TPMVC.MVC", "TPMVC.MVC\TPMVC.MVC.csproj", "{38978254-18CD-4A7D-9E22-61CC772396FD}"
EndProject
Project("{FAE04EC0-301F-11D3-BF4B-00C04F79EFBC}") = "TPApi.Api", "TPApi.Api\TPApi.Api.csproj", "{55776ED5-B4CA-48CC-BFDA-524257472763}"
EndProject
Project("{FAE04EC0-301F-11D3-BF4B-00C04F79EFBC}") = "TPAPI.Data", "TPAPI.Data\TPAPI.Data.csproj", "{40E72F0F-FE40-4A5A-9A21-E7B6B3618FE1}"
EndProject
Project("{FAE04EC0-301F-11D3-BF4B-00C04F79EFBC}") = "TPAPI.Entities", "TPAPI.Entities\TPAPI.Entities.csproj", "{4D684DC6-3CD5-4C1D-8B56-6C3403487DC9}"
EndProject
Project("{FAE04EC0-301F-11D3-BF4B-00C04F79EFBC}") = "TPAPI.Logic", "TPAPI.Logic\TPAPI.Logic.csproj", "{601D799E-AA03-43BD-B985-7FAE04D6395C}"
EndProject
Global
	GlobalSection(SolutionConfigurationPlatforms) = preSolution
		Debug|Any CPU = Debug|Any CPU
		Release|Any CPU = Release|Any CPU
	EndGlobalSection
	GlobalSection(ProjectConfigurationPlatforms) = postSolution
		{F2D25967-D779-4190-BF8A-E2D75DAE5A17}.Debug|Any CPU.ActiveCfg = Debug|Any CPU
		{F2D25967-D779-4190-BF8A-E2D75DAE5A17}.Debug|Any CPU.Build.0 = Debug|Any CPU
		{F2D25967-D779-4190-BF8A-E2D75DAE5A17}.Release|Any CPU.ActiveCfg = Release|Any CPU
		{F2D25967-D779-4190-BF8A-E2D75DAE5A17}.Release|Any CPU.Build.0 = Release|Any CPU
		{05BBB64F-63D5-448B-87FD-015C8C7EEEE0}.Debug|Any CPU.ActiveCfg = Debug|Any CPU
		{05BBB64F-63D5-448B-87FD-015C8C7EEEE0}.Debug|Any CPU.Build.0 = Debug|Any CPU
		{05BBB64F-63D5-448B-87FD-015C8C7EEEE0}.Release|Any CPU.ActiveCfg = Release|Any CPU
		{05BBB64F-63D5-448B-87FD-015C8C7EEEE0}.Release|Any CPU.Build.0 = Release|Any CPU
		{4543D1B0-2175-43E4-9CAA-E9247EC8AE1C}.Debug|Any CPU.ActiveCfg = Debug|Any CPU
		{4543D1B0-2175-43E4-9CAA-E9247EC8AE1C}.Debug|Any CPU.Build.0 = Debug|Any CPU
		{4543D1B0-2175-43E4-9CAA-E9247EC8AE1C}.Release|Any CPU.ActiveCfg = Release|Any CPU
		{4543D1B0-2175-43E4-9CAA-E9247EC8AE1C}.Release|Any CPU.Build.0 = Release|Any CPU
		{8B0DF618-E7DD-4EEA-BF7F-C8C5AA800373}.Debug|Any CPU.ActiveCfg = Debug|Any CPU
		{8B0DF618-E7DD-4EEA-BF7F-C8C5AA800373}.Debug|Any CPU.Build.0 = Debug|Any CPU
		{8B0DF618-E7DD-4EEA-BF7F-C8C5AA800373}.Release|Any CPU.ActiveCfg = Release|Any CPU
		{8B0DF618-E7DD-4EEA-BF7F-C8C5AA800373}.Release|Any CPU.Build.0 = Release|Any CPU
		{38978254-18CD-4A7D-9E22-61CC772396FD}.Debug|Any CPU.ActiveCfg = Debug|Any CPU
		{38978254-18CD-4A7D-9E22-61CC772396FD}.Debug|Any CPU.Build.0 = Debug|Any CPU
		{38978254-18CD-4A7D-9E22-61CC772396FD}.Release|Any CPU.ActiveCfg = Release|Any CPU
		{38978254-18CD-4A7D-9E22-61CC772396FD}.Release|Any CPU.Build.0 = Release|Any CPU
		{55776ED5-B4CA-48CC-BFDA-524257472763}.Debug|Any CPU.ActiveCfg = Debug|Any CPU
		{55776ED5-B4CA-48CC-BFDA-524257472763}.Debug|Any CPU.Build.0 = Debug|Any CPU
		{55776ED5-B4CA-48CC-BFDA-524257472763}.Release|Any CPU.ActiveCfg = Release|Any CPU
		{55776ED5-B4CA-48CC-BFDA-524257472763}.Release|Any CPU.Build.0 = Release|Any CPU
		{40E72F0F-FE40-4A5A-9A21-E7B6B3618FE1}.Debug|Any CPU.ActiveCfg = Debug|Any CPU
		{40E72F0F-FE40-4A5A-9A21-E7B6B3618FE1}.Debug|Any CPU.Build.0 = Debug|Any CPU
		{40E72F0F-FE40-4A5A-9A21-E7B6B3618FE1}.Release|Any CPU.ActiveCfg = Release|Any CPU
		{40E72F0F-FE40-4A5A-9A21-E7B6B3618FE1}.Release|Any CPU.Build.0 = Release|Any CPU
		{4D684DC6-3CD5-4C1D-8B56-6C3403487DC9}.Debug|Any CPU.ActiveCfg = Debug|Any CPU
		{4D684DC6-3CD5-4C1D-8B56-6C3403487DC9}.Debug|Any CPU.Build.0 = Debug|Any CPU
		{4D684DC6-3CD5-4C1D-8B56-6C3403487DC9}.Release|Any CPU.ActiveCfg = Release|Any CPU
		{4D684DC6-3CD5-4C1D-8B56-6C3403487DC9}.Release|Any CPU.Build.0 = Release|Any CPU
		{601D799E-AA03-43BD-B985-7FAE04D6395C}.Debug|Any CPU.ActiveCfg = Debug|Any CPU
		{601D799E-AA03-43BD-B985-7FAE04D6395C}.Debug|Any CPU.Build.0 = Debug|Any CPU
		{601D799E-AA03-43BD-B985-7FAE04D6395C}.Release|Any CPU.ActiveCfg = Release|Any CPU
		{601D799E-AA03-43BD-B985-7FAE04D6395C}.Release|Any CPU.Build.0 = Release|Any CPU
	EndGlobalSection
	GlobalSection(SolutionProperties) = preSolution
		HideSolutionNode = FALSE
	EndGlobalSection
	GlobalSection(ExtensibilityGlobals) = postSolution
		SolutionGuid = {F13E9E2F-6651-4DEA-8BE8-0893BDA8DE25}
	EndGlobalSection
EndGlobal
